
Microsoft Visual Studio Solution File, Format Version 12.00
# Visual Studio Version 16
VisualStudioVersion = 16.0.29709.97
MinimumVisualStudioVersion = 10.0.40219.1
Project("{9A19103F-16F7-4668-BE54-9A1E7A4F7556}") = "Scooter", "Decorator\Scooter\Scooter.csproj", "{A4484641-FF74-4516-B1B3-FD9EBB284713}"
EndProject
Project("{9A19103F-16F7-4668-BE54-9A1E7A4F7556}") = "Observer", "Observer\Observer.csproj", "{3FF14A0F-1EBB-4B5D-B78E-EA742A96D90C}"
EndProject
Project("{2150E333-8FDC-42A3-9474-1A3956D46DE8}") = "Creational", "Creational", "{63C8C546-600E-4E13-B07F-4E7327CD3A22}"
EndProject
Project("{2150E333-8FDC-42A3-9474-1A3956D46DE8}") = "Behavioral", "Behavioral", "{682B0650-D3BE-4D4C-BE2C-9788542B6768}"
EndProject
Project("{2150E333-8FDC-42A3-9474-1A3956D46DE8}") = "Structural", "Structural", "{574A0D24-9892-4344-81D4-834AD8DE730F}"
EndProject
Project("{9A19103F-16F7-4668-BE54-9A1E7A4F7556}") = "Builder", "Builder\Builder.csproj", "{B95A7817-C4C8-4379-B282-0A1EBCE5460A}"
EndProject
Project("{9A19103F-16F7-4668-BE54-9A1E7A4F7556}") = "Visitor", "Visitor\Visitor.csproj", "{A639C290-6250-4C77-802C-B2F22CC6DD6C}"
EndProject
Project("{9A19103F-16F7-4668-BE54-9A1E7A4F7556}") = "Adapter", "Adapter\Adapter.csproj", "{53D57EB3-AA1D-4E49-83EA-59CC07167152}"
EndProject
Project("{9A19103F-16F7-4668-BE54-9A1E7A4F7556}") = "Command", "Command\Command.csproj", "{85D78455-C701-448F-8A32-5B0A6B3F4FD4}"
EndProject
Project("{9A19103F-16F7-4668-BE54-9A1E7A4F7556}") = "Mediator", "Mediator\Mediator.csproj", "{50B8EF9C-6039-484D-96C7-4EC56C83F493}"
EndProject
Project("{9A19103F-16F7-4668-BE54-9A1E7A4F7556}") = "interpreter", "interpreter\interpreter.csproj", "{A38BD35B-D0B2-4A07-8403-7816B1433FF3}"
EndProject
Project("{9A19103F-16F7-4668-BE54-9A1E7A4F7556}") = "ChainOfresponsibility", "ChainOfresponsibility\ChainOfresponsibility.csproj", "{0C3F0CBD-0769-469B-B348-B74723F01A75}"
EndProject
Project("{9A19103F-16F7-4668-BE54-9A1E7A4F7556}") = "Composite", "Composite\Composite.csproj", "{F9DBA85B-9DC5-47A2-8FF2-D101A8737520}"
EndProject
Project("{9A19103F-16F7-4668-BE54-9A1E7A4F7556}") = "Prototype", "Prototype\Prototype.csproj", "{2D34CAA7-02B6-46CC-932B-1CD3E239BDF1}"
EndProject
Project("{9A19103F-16F7-4668-BE54-9A1E7A4F7556}") = "Bridge", "Bridge\Bridge.csproj", "{20C3D249-3300-4350-B616-F5D3FC5214E6}"
EndProject
Project("{9A19103F-16F7-4668-BE54-9A1E7A4F7556}") = "Facade", "Facade\Facade.csproj", "{B8BD02A3-2006-4433-8683-E4689CA0909C}"
EndProject
Project("{9A19103F-16F7-4668-BE54-9A1E7A4F7556}") = "Flyweight", "Flyweight\Flyweight.csproj", "{6345965F-A466-4087-B9C9-2F59D50B9D78}"
EndProject
Project("{9A19103F-16F7-4668-BE54-9A1E7A4F7556}") = "Proxy", "Proxy\Proxy.csproj", "{C4EC025E-4F72-45ED-B7E9-F9401ECEC9A4}"
EndProject
Project("{9A19103F-16F7-4668-BE54-9A1E7A4F7556}") = "Memento", "Memento\Memento.csproj", "{8078E983-0B6B-4C8B-9586-021EE7711A50}"
EndProject
Project("{9A19103F-16F7-4668-BE54-9A1E7A4F7556}") = "State", "State\State.csproj", "{F0AE4D9B-2B42-4F34-98F1-A2FE57EA7BC0}"
EndProject
Project("{9A19103F-16F7-4668-BE54-9A1E7A4F7556}") = "Strategy", "Strategy\Strategy.csproj", "{3CB259EB-0091-4BAA-835C-1AE4A11B39C5}"
EndProject
Project("{9A19103F-16F7-4668-BE54-9A1E7A4F7556}") = "Factory", "Factory\Factory.csproj", "{11B0622F-3C72-4813-B3EF-8FC9245F44AB}"
EndProject
Project("{9A19103F-16F7-4668-BE54-9A1E7A4F7556}") = "AbstractFactory", "AbstractFactory\AbstractFactory.csproj", "{4DAF5541-0443-434F-B1A1-B5107030ADB8}"
EndProject
Project("{9A19103F-16F7-4668-BE54-9A1E7A4F7556}") = "RepositoryTest", "RepositoryTest\RepositoryTest.csproj", "{09B8FEA1-B742-458B-AFCA-493819B33567}"
EndProject
Project("{9A19103F-16F7-4668-BE54-9A1E7A4F7556}") = "UnitTestProject1", "UnitTestProject1\UnitTestProject1.csproj", "{36D9111D-6C5D-479A-AF8A-D10596FF7B60}"
EndProject
Project("{9A19103F-16F7-4668-BE54-9A1E7A4F7556}") = "XUnitTestProject1", "XUnitTestProject1\XUnitTestProject1.csproj", "{55DEDDB4-EF72-4927-9179-685CC9F13FD8}"
EndProject
Project("{2150E333-8FDC-42A3-9474-1A3956D46DE8}") = "Solution Items", "Solution Items", "{858769E8-2FD7-4C72-8C9C-4C0B25BF765D}"
	ProjectSection(SolutionItems) = preProject
		my.runsettings = my.runsettings
	EndProjectSection
EndProject
Project("{9A19103F-16F7-4668-BE54-9A1E7A4F7556}") = "Template", "Template\Template.csproj", "{0034CABD-D224-4EC9-B84F-54A4AF592B8B}"
EndProject
Project("{2150E333-8FDC-42A3-9474-1A3956D46DE8}") = "Decorator", "Decorator", "{489C76D9-4734-4CD0-945A-164E6D6840B2}"
EndProject
Project("{FAE04EC0-301F-11D3-BF4B-00C04F79EFBC}") = "Notifier", "Decorator\Notifier\Notifier.csproj", "{7CCD61E6-2767-4501-9F9A-6F16B43D7026}"
EndProject
Global
	GlobalSection(SolutionConfigurationPlatforms) = preSolution
		Debug|Any CPU = Debug|Any CPU
		Release|Any CPU = Release|Any CPU
	EndGlobalSection
	GlobalSection(ProjectConfigurationPlatforms) = postSolution
		{A4484641-FF74-4516-B1B3-FD9EBB284713}.Debug|Any CPU.ActiveCfg = Debug|Any CPU
		{A4484641-FF74-4516-B1B3-FD9EBB284713}.Debug|Any CPU.Build.0 = Debug|Any CPU
		{A4484641-FF74-4516-B1B3-FD9EBB284713}.Release|Any CPU.ActiveCfg = Release|Any CPU
		{A4484641-FF74-4516-B1B3-FD9EBB284713}.Release|Any CPU.Build.0 = Release|Any CPU
		{3FF14A0F-1EBB-4B5D-B78E-EA742A96D90C}.Debug|Any CPU.ActiveCfg = Debug|Any CPU
		{3FF14A0F-1EBB-4B5D-B78E-EA742A96D90C}.Debug|Any CPU.Build.0 = Debug|Any CPU
		{3FF14A0F-1EBB-4B5D-B78E-EA742A96D90C}.Release|Any CPU.ActiveCfg = Release|Any CPU
		{3FF14A0F-1EBB-4B5D-B78E-EA742A96D90C}.Release|Any CPU.Build.0 = Release|Any CPU
		{B95A7817-C4C8-4379-B282-0A1EBCE5460A}.Debug|Any CPU.ActiveCfg = Debug|Any CPU
		{B95A7817-C4C8-4379-B282-0A1EBCE5460A}.Debug|Any CPU.Build.0 = Debug|Any CPU
		{B95A7817-C4C8-4379-B282-0A1EBCE5460A}.Release|Any CPU.ActiveCfg = Release|Any CPU
		{B95A7817-C4C8-4379-B282-0A1EBCE5460A}.Release|Any CPU.Build.0 = Release|Any CPU
		{A639C290-6250-4C77-802C-B2F22CC6DD6C}.Debug|Any CPU.ActiveCfg = Debug|Any CPU
		{A639C290-6250-4C77-802C-B2F22CC6DD6C}.Debug|Any CPU.Build.0 = Debug|Any CPU
		{A639C290-6250-4C77-802C-B2F22CC6DD6C}.Release|Any CPU.ActiveCfg = Release|Any CPU
		{A639C290-6250-4C77-802C-B2F22CC6DD6C}.Release|Any CPU.Build.0 = Release|Any CPU
		{53D57EB3-AA1D-4E49-83EA-59CC07167152}.Debug|Any CPU.ActiveCfg = Debug|Any CPU
		{53D57EB3-AA1D-4E49-83EA-59CC07167152}.Debug|Any CPU.Build.0 = Debug|Any CPU
		{53D57EB3-AA1D-4E49-83EA-59CC07167152}.Release|Any CPU.ActiveCfg = Release|Any CPU
		{53D57EB3-AA1D-4E49-83EA-59CC07167152}.Release|Any CPU.Build.0 = Release|Any CPU
		{85D78455-C701-448F-8A32-5B0A6B3F4FD4}.Debug|Any CPU.ActiveCfg = Debug|Any CPU
		{85D78455-C701-448F-8A32-5B0A6B3F4FD4}.Debug|Any CPU.Build.0 = Debug|Any CPU
		{85D78455-C701-448F-8A32-5B0A6B3F4FD4}.Release|Any CPU.ActiveCfg = Release|Any CPU
		{85D78455-C701-448F-8A32-5B0A6B3F4FD4}.Release|Any CPU.Build.0 = Release|Any CPU
		{50B8EF9C-6039-484D-96C7-4EC56C83F493}.Debug|Any CPU.ActiveCfg = Debug|Any CPU
		{50B8EF9C-6039-484D-96C7-4EC56C83F493}.Debug|Any CPU.Build.0 = Debug|Any CPU
		{50B8EF9C-6039-484D-96C7-4EC56C83F493}.Release|Any CPU.ActiveCfg = Release|Any CPU
		{50B8EF9C-6039-484D-96C7-4EC56C83F493}.Release|Any CPU.Build.0 = Release|Any CPU
		{A38BD35B-D0B2-4A07-8403-7816B1433FF3}.Debug|Any CPU.ActiveCfg = Debug|Any CPU
		{A38BD35B-D0B2-4A07-8403-7816B1433FF3}.Debug|Any CPU.Build.0 = Debug|Any CPU
		{A38BD35B-D0B2-4A07-8403-7816B1433FF3}.Release|Any CPU.ActiveCfg = Release|Any CPU
		{A38BD35B-D0B2-4A07-8403-7816B1433FF3}.Release|Any CPU.Build.0 = Release|Any CPU
		{0C3F0CBD-0769-469B-B348-B74723F01A75}.Debug|Any CPU.ActiveCfg = Debug|Any CPU
		{0C3F0CBD-0769-469B-B348-B74723F01A75}.Debug|Any CPU.Build.0 = Debug|Any CPU
		{0C3F0CBD-0769-469B-B348-B74723F01A75}.Release|Any CPU.ActiveCfg = Release|Any CPU
		{0C3F0CBD-0769-469B-B348-B74723F01A75}.Release|Any CPU.Build.0 = Release|Any CPU
		{F9DBA85B-9DC5-47A2-8FF2-D101A8737520}.Debug|Any CPU.ActiveCfg = Debug|Any CPU
		{F9DBA85B-9DC5-47A2-8FF2-D101A8737520}.Debug|Any CPU.Build.0 = Debug|Any CPU
		{F9DBA85B-9DC5-47A2-8FF2-D101A8737520}.Release|Any CPU.ActiveCfg = Release|Any CPU
		{F9DBA85B-9DC5-47A2-8FF2-D101A8737520}.Release|Any CPU.Build.0 = Release|Any CPU
		{2D34CAA7-02B6-46CC-932B-1CD3E239BDF1}.Debug|Any CPU.ActiveCfg = Debug|Any CPU
		{2D34CAA7-02B6-46CC-932B-1CD3E239BDF1}.Debug|Any CPU.Build.0 = Debug|Any CPU
		{2D34CAA7-02B6-46CC-932B-1CD3E239BDF1}.Release|Any CPU.ActiveCfg = Release|Any CPU
		{2D34CAA7-02B6-46CC-932B-1CD3E239BDF1}.Release|Any CPU.Build.0 = Release|Any CPU
		{20C3D249-3300-4350-B616-F5D3FC5214E6}.Debug|Any CPU.ActiveCfg = Debug|Any CPU
		{20C3D249-3300-4350-B616-F5D3FC5214E6}.Debug|Any CPU.Build.0 = Debug|Any CPU
		{20C3D249-3300-4350-B616-F5D3FC5214E6}.Release|Any CPU.ActiveCfg = Release|Any CPU
		{20C3D249-3300-4350-B616-F5D3FC5214E6}.Release|Any CPU.Build.0 = Release|Any CPU
		{B8BD02A3-2006-4433-8683-E4689CA0909C}.Debug|Any CPU.ActiveCfg = Debug|Any CPU
		{B8BD02A3-2006-4433-8683-E4689CA0909C}.Debug|Any CPU.Build.0 = Debug|Any CPU
		{B8BD02A3-2006-4433-8683-E4689CA0909C}.Release|Any CPU.ActiveCfg = Release|Any CPU
		{B8BD02A3-2006-4433-8683-E4689CA0909C}.Release|Any CPU.Build.0 = Release|Any CPU
		{6345965F-A466-4087-B9C9-2F59D50B9D78}.Debug|Any CPU.ActiveCfg = Debug|Any CPU
		{6345965F-A466-4087-B9C9-2F59D50B9D78}.Debug|Any CPU.Build.0 = Debug|Any CPU
		{6345965F-A466-4087-B9C9-2F59D50B9D78}.Release|Any CPU.ActiveCfg = Release|Any CPU
		{6345965F-A466-4087-B9C9-2F59D50B9D78}.Release|Any CPU.Build.0 = Release|Any CPU
		{C4EC025E-4F72-45ED-B7E9-F9401ECEC9A4}.Debug|Any CPU.ActiveCfg = Debug|Any CPU
		{C4EC025E-4F72-45ED-B7E9-F9401ECEC9A4}.Debug|Any CPU.Build.0 = Debug|Any CPU
		{C4EC025E-4F72-45ED-B7E9-F9401ECEC9A4}.Release|Any CPU.ActiveCfg = Release|Any CPU
		{C4EC025E-4F72-45ED-B7E9-F9401ECEC9A4}.Release|Any CPU.Build.0 = Release|Any CPU
		{8078E983-0B6B-4C8B-9586-021EE7711A50}.Debug|Any CPU.ActiveCfg = Debug|Any CPU
		{8078E983-0B6B-4C8B-9586-021EE7711A50}.Debug|Any CPU.Build.0 = Debug|Any CPU
		{8078E983-0B6B-4C8B-9586-021EE7711A50}.Release|Any CPU.ActiveCfg = Release|Any CPU
		{8078E983-0B6B-4C8B-9586-021EE7711A50}.Release|Any CPU.Build.0 = Release|Any CPU
		{F0AE4D9B-2B42-4F34-98F1-A2FE57EA7BC0}.Debug|Any CPU.ActiveCfg = Debug|Any CPU
		{F0AE4D9B-2B42-4F34-98F1-A2FE57EA7BC0}.Debug|Any CPU.Build.0 = Debug|Any CPU
		{F0AE4D9B-2B42-4F34-98F1-A2FE57EA7BC0}.Release|Any CPU.ActiveCfg = Release|Any CPU
		{F0AE4D9B-2B42-4F34-98F1-A2FE57EA7BC0}.Release|Any CPU.Build.0 = Release|Any CPU
		{3CB259EB-0091-4BAA-835C-1AE4A11B39C5}.Debug|Any CPU.ActiveCfg = Debug|Any CPU
		{3CB259EB-0091-4BAA-835C-1AE4A11B39C5}.Debug|Any CPU.Build.0 = Debug|Any CPU
		{3CB259EB-0091-4BAA-835C-1AE4A11B39C5}.Release|Any CPU.ActiveCfg = Release|Any CPU
		{3CB259EB-0091-4BAA-835C-1AE4A11B39C5}.Release|Any CPU.Build.0 = Release|Any CPU
		{11B0622F-3C72-4813-B3EF-8FC9245F44AB}.Debug|Any CPU.ActiveCfg = Debug|Any CPU
		{11B0622F-3C72-4813-B3EF-8FC9245F44AB}.Debug|Any CPU.Build.0 = Debug|Any CPU
		{11B0622F-3C72-4813-B3EF-8FC9245F44AB}.Release|Any CPU.ActiveCfg = Release|Any CPU
		{11B0622F-3C72-4813-B3EF-8FC9245F44AB}.Release|Any CPU.Build.0 = Release|Any CPU
		{4DAF5541-0443-434F-B1A1-B5107030ADB8}.Debug|Any CPU.ActiveCfg = Debug|Any CPU
		{4DAF5541-0443-434F-B1A1-B5107030ADB8}.Debug|Any CPU.Build.0 = Debug|Any CPU
		{4DAF5541-0443-434F-B1A1-B5107030ADB8}.Release|Any CPU.ActiveCfg = Release|Any CPU
		{4DAF5541-0443-434F-B1A1-B5107030ADB8}.Release|Any CPU.Build.0 = Release|Any CPU
		{09B8FEA1-B742-458B-AFCA-493819B33567}.Debug|Any CPU.ActiveCfg = Debug|Any CPU
		{09B8FEA1-B742-458B-AFCA-493819B33567}.Debug|Any CPU.Build.0 = Debug|Any CPU
		{09B8FEA1-B742-458B-AFCA-493819B33567}.Release|Any CPU.ActiveCfg = Release|Any CPU
		{09B8FEA1-B742-458B-AFCA-493819B33567}.Release|Any CPU.Build.0 = Release|Any CPU
		{36D9111D-6C5D-479A-AF8A-D10596FF7B60}.Debug|Any CPU.ActiveCfg = Debug|Any CPU
		{36D9111D-6C5D-479A-AF8A-D10596FF7B60}.Debug|Any CPU.Build.0 = Debug|Any CPU
		{36D9111D-6C5D-479A-AF8A-D10596FF7B60}.Release|Any CPU.ActiveCfg = Release|Any CPU
		{36D9111D-6C5D-479A-AF8A-D10596FF7B60}.Release|Any CPU.Build.0 = Release|Any CPU
		{55DEDDB4-EF72-4927-9179-685CC9F13FD8}.Debug|Any CPU.ActiveCfg = Debug|Any CPU
		{55DEDDB4-EF72-4927-9179-685CC9F13FD8}.Debug|Any CPU.Build.0 = Debug|Any CPU
		{55DEDDB4-EF72-4927-9179-685CC9F13FD8}.Release|Any CPU.ActiveCfg = Release|Any CPU
		{55DEDDB4-EF72-4927-9179-685CC9F13FD8}.Release|Any CPU.Build.0 = Release|Any CPU
		{0034CABD-D224-4EC9-B84F-54A4AF592B8B}.Debug|Any CPU.ActiveCfg = Debug|Any CPU
		{0034CABD-D224-4EC9-B84F-54A4AF592B8B}.Debug|Any CPU.Build.0 = Debug|Any CPU
		{0034CABD-D224-4EC9-B84F-54A4AF592B8B}.Release|Any CPU.ActiveCfg = Release|Any CPU
		{0034CABD-D224-4EC9-B84F-54A4AF592B8B}.Release|Any CPU.Build.0 = Release|Any CPU
		{7CCD61E6-2767-4501-9F9A-6F16B43D7026}.Debug|Any CPU.ActiveCfg = Debug|Any CPU
		{7CCD61E6-2767-4501-9F9A-6F16B43D7026}.Debug|Any CPU.Build.0 = Debug|Any CPU
		{7CCD61E6-2767-4501-9F9A-6F16B43D7026}.Release|Any CPU.ActiveCfg = Release|Any CPU
		{7CCD61E6-2767-4501-9F9A-6F16B43D7026}.Release|Any CPU.Build.0 = Release|Any CPU
	EndGlobalSection
	GlobalSection(SolutionProperties) = preSolution
		HideSolutionNode = FALSE
	EndGlobalSection
	GlobalSection(NestedProjects) = preSolution
		{A4484641-FF74-4516-B1B3-FD9EBB284713} = {489C76D9-4734-4CD0-945A-164E6D6840B2}
		{3FF14A0F-1EBB-4B5D-B78E-EA742A96D90C} = {682B0650-D3BE-4D4C-BE2C-9788542B6768}
		{B95A7817-C4C8-4379-B282-0A1EBCE5460A} = {63C8C546-600E-4E13-B07F-4E7327CD3A22}
		{A639C290-6250-4C77-802C-B2F22CC6DD6C} = {682B0650-D3BE-4D4C-BE2C-9788542B6768}
		{53D57EB3-AA1D-4E49-83EA-59CC07167152} = {574A0D24-9892-4344-81D4-834AD8DE730F}
		{85D78455-C701-448F-8A32-5B0A6B3F4FD4} = {682B0650-D3BE-4D4C-BE2C-9788542B6768}
		{50B8EF9C-6039-484D-96C7-4EC56C83F493} = {682B0650-D3BE-4D4C-BE2C-9788542B6768}
		{A38BD35B-D0B2-4A07-8403-7816B1433FF3} = {682B0650-D3BE-4D4C-BE2C-9788542B6768}
		{0C3F0CBD-0769-469B-B348-B74723F01A75} = {682B0650-D3BE-4D4C-BE2C-9788542B6768}
		{F9DBA85B-9DC5-47A2-8FF2-D101A8737520} = {574A0D24-9892-4344-81D4-834AD8DE730F}
		{2D34CAA7-02B6-46CC-932B-1CD3E239BDF1} = {63C8C546-600E-4E13-B07F-4E7327CD3A22}
		{20C3D249-3300-4350-B616-F5D3FC5214E6} = {574A0D24-9892-4344-81D4-834AD8DE730F}
		{B8BD02A3-2006-4433-8683-E4689CA0909C} = {574A0D24-9892-4344-81D4-834AD8DE730F}
		{6345965F-A466-4087-B9C9-2F59D50B9D78} = {574A0D24-9892-4344-81D4-834AD8DE730F}
		{C4EC025E-4F72-45ED-B7E9-F9401ECEC9A4} = {574A0D24-9892-4344-81D4-834AD8DE730F}
		{8078E983-0B6B-4C8B-9586-021EE7711A50} = {682B0650-D3BE-4D4C-BE2C-9788542B6768}
		{F0AE4D9B-2B42-4F34-98F1-A2FE57EA7BC0} = {682B0650-D3BE-4D4C-BE2C-9788542B6768}
		{3CB259EB-0091-4BAA-835C-1AE4A11B39C5} = {682B0650-D3BE-4D4C-BE2C-9788542B6768}
		{11B0622F-3C72-4813-B3EF-8FC9245F44AB} = {63C8C546-600E-4E13-B07F-4E7327CD3A22}
		{4DAF5541-0443-434F-B1A1-B5107030ADB8} = {63C8C546-600E-4E13-B07F-4E7327CD3A22}
		{09B8FEA1-B742-458B-AFCA-493819B33567} = {63C8C546-600E-4E13-B07F-4E7327CD3A22}
		{36D9111D-6C5D-479A-AF8A-D10596FF7B60} = {63C8C546-600E-4E13-B07F-4E7327CD3A22}
		{55DEDDB4-EF72-4927-9179-685CC9F13FD8} = {63C8C546-600E-4E13-B07F-4E7327CD3A22}
		{0034CABD-D224-4EC9-B84F-54A4AF592B8B} = {682B0650-D3BE-4D4C-BE2C-9788542B6768}
		{489C76D9-4734-4CD0-945A-164E6D6840B2} = {574A0D24-9892-4344-81D4-834AD8DE730F}
		{7CCD61E6-2767-4501-9F9A-6F16B43D7026} = {489C76D9-4734-4CD0-945A-164E6D6840B2}
	EndGlobalSection
	GlobalSection(ExtensibilityGlobals) = postSolution
		SolutionGuid = {72E5339C-CF25-45AA-A092-3B2A27320025}
	EndGlobalSection
EndGlobal
